
Microsoft Visual Studio Solution File, Format Version 12.00
# Visual Studio Version 16
VisualStudioVersion = 16.0.31507.150
MinimumVisualStudioVersion = 10.0.40219.1
Project("{2150E333-8FDC-42A3-9474-1A3956D46DE8}") = "1. Services", "1. Services", "{4D01E976-8E8A-4053-973F-9CB5CA40D4A7}"
EndProject
Project("{2150E333-8FDC-42A3-9474-1A3956D46DE8}") = "2. Application", "2. Application", "{B1681021-BE04-4A32-AE9B-D8C733A7950B}"
EndProject
Project("{2150E333-8FDC-42A3-9474-1A3956D46DE8}") = "3. Domain", "3. Domain", "{1924FF03-B6CC-461D-8FF6-CC82E8E2855C}"
EndProject
Project("{2150E333-8FDC-42A3-9474-1A3956D46DE8}") = "4. Infra", "4. Infra", "{6DE45183-A4F8-4C6D-9956-4B15633DCD46}"
EndProject
Project("{2150E333-8FDC-42A3-9474-1A3956D46DE8}") = "5. Tests", "5. Tests", "{734E4F38-67DC-450B-8DE5-707B9343A8BE}"
EndProject
Project("{FAE04EC0-301F-11D3-BF4B-00C04F79EFBC}") = "API", "API\API.csproj", "{0383626C-C189-4847-BEB0-ADFCB00E238F}"
EndProject
Project("{FAE04EC0-301F-11D3-BF4B-00C04F79EFBC}") = "BankManagement", "BankManagement\BankManagement.csproj", "{DEABBCA0-E3E6-4285-A94F-8EB7BE2785A8}"
EndProject
Project("{FAE04EC0-301F-11D3-BF4B-00C04F79EFBC}") = "Shared", "Shared\Shared.csproj", "{3987FF5D-EB78-4A41-82EB-B753A8C67B00}"
EndProject
Project("{FAE04EC0-301F-11D3-BF4B-00C04F79EFBC}") = "Application", "Application\Application.csproj", "{7E39CA56-11FB-4A88-8BBB-E41CCBF3EA5A}"
EndProject
Project("{FAE04EC0-301F-11D3-BF4B-00C04F79EFBC}") = "Data", "Data\Data.csproj", "{A8444186-D1DB-4AE1-8E6C-131054296262}"
EndProject
Global
	GlobalSection(SolutionConfigurationPlatforms) = preSolution
		Debug|Any CPU = Debug|Any CPU
		Release|Any CPU = Release|Any CPU
	EndGlobalSection
	GlobalSection(ProjectConfigurationPlatforms) = postSolution
		{0383626C-C189-4847-BEB0-ADFCB00E238F}.Debug|Any CPU.ActiveCfg = Debug|Any CPU
		{0383626C-C189-4847-BEB0-ADFCB00E238F}.Debug|Any CPU.Build.0 = Debug|Any CPU
		{0383626C-C189-4847-BEB0-ADFCB00E238F}.Release|Any CPU.ActiveCfg = Release|Any CPU
		{0383626C-C189-4847-BEB0-ADFCB00E238F}.Release|Any CPU.Build.0 = Release|Any CPU
		{DEABBCA0-E3E6-4285-A94F-8EB7BE2785A8}.Debug|Any CPU.ActiveCfg = Debug|Any CPU
		{DEABBCA0-E3E6-4285-A94F-8EB7BE2785A8}.Debug|Any CPU.Build.0 = Debug|Any CPU
		{DEABBCA0-E3E6-4285-A94F-8EB7BE2785A8}.Release|Any CPU.ActiveCfg = Release|Any CPU
		{DEABBCA0-E3E6-4285-A94F-8EB7BE2785A8}.Release|Any CPU.Build.0 = Release|Any CPU
		{3987FF5D-EB78-4A41-82EB-B753A8C67B00}.Debug|Any CPU.ActiveCfg = Debug|Any CPU
		{3987FF5D-EB78-4A41-82EB-B753A8C67B00}.Debug|Any CPU.Build.0 = Debug|Any CPU
		{3987FF5D-EB78-4A41-82EB-B753A8C67B00}.Release|Any CPU.ActiveCfg = Release|Any CPU
		{3987FF5D-EB78-4A41-82EB-B753A8C67B00}.Release|Any CPU.Build.0 = Release|Any CPU
		{7E39CA56-11FB-4A88-8BBB-E41CCBF3EA5A}.Debug|Any CPU.ActiveCfg = Debug|Any CPU
		{7E39CA56-11FB-4A88-8BBB-E41CCBF3EA5A}.Debug|Any CPU.Build.0 = Debug|Any CPU
		{7E39CA56-11FB-4A88-8BBB-E41CCBF3EA5A}.Release|Any CPU.ActiveCfg = Release|Any CPU
		{7E39CA56-11FB-4A88-8BBB-E41CCBF3EA5A}.Release|Any CPU.Build.0 = Release|Any CPU
		{A8444186-D1DB-4AE1-8E6C-131054296262}.Debug|Any CPU.ActiveCfg = Debug|Any CPU
		{A8444186-D1DB-4AE1-8E6C-131054296262}.Debug|Any CPU.Build.0 = Debug|Any CPU
		{A8444186-D1DB-4AE1-8E6C-131054296262}.Release|Any CPU.ActiveCfg = Release|Any CPU
		{A8444186-D1DB-4AE1-8E6C-131054296262}.Release|Any CPU.Build.0 = Release|Any CPU
	EndGlobalSection
	GlobalSection(SolutionProperties) = preSolution
		HideSolutionNode = FALSE
	EndGlobalSection
	GlobalSection(NestedProjects) = preSolution
		{0383626C-C189-4847-BEB0-ADFCB00E238F} = {4D01E976-8E8A-4053-973F-9CB5CA40D4A7}
		{DEABBCA0-E3E6-4285-A94F-8EB7BE2785A8} = {1924FF03-B6CC-461D-8FF6-CC82E8E2855C}
		{3987FF5D-EB78-4A41-82EB-B753A8C67B00} = {1924FF03-B6CC-461D-8FF6-CC82E8E2855C}
		{7E39CA56-11FB-4A88-8BBB-E41CCBF3EA5A} = {B1681021-BE04-4A32-AE9B-D8C733A7950B}
		{A8444186-D1DB-4AE1-8E6C-131054296262} = {6DE45183-A4F8-4C6D-9956-4B15633DCD46}
	EndGlobalSection
	GlobalSection(ExtensibilityGlobals) = postSolution
		SolutionGuid = {96860611-994A-4FE1-B9DE-249F409C7569}
	EndGlobalSection
EndGlobal
